# This file is autogenerated, do not edit; changes may be undone by the next 'dep ensure'.


[[projects]]
  name = "github.com/davecgh/go-spew"
  packages = ["spew"]
  revision = "346938d642f2ec3594ed81d874461961cd0faa76"
  version = "v1.1.0"

[[projects]]
  name = "github.com/pmezard/go-difflib"
  packages = ["difflib"]
  revision = "792786c7400a136282c1664665ae0a8db921c6c2"
  version = "v1.0.0"

[[projects]]
  name = "github.com/stretchr/testify"
  packages = ["assert"]
  revision = "f35b8ab0b5a2cef36673838d662e249dd9c94686"
  version = "v1.2.2"

[[projects]]
  branch = "master"
  name = "github.com/yutopp/go-amf0"
  packages = ["."]
  revision = "17cedd46b508c2a54f8e1c06b106fd44c8b5d5ee"

[solve-meta]
  analyzer-name = "dep"
  analyzer-version = 1
  inputs-digest = "849e4ea293cc8c2c83a55caa605af8923c4deb1dc2453e273821cf51072c333a"
  solver-name = "gps-cdcl"
  solver-version = 1
